
Microsoft Visual Studio Solution File, Format Version 12.00
# Visual Studio Version 16
VisualStudioVersion = 16.0.29613.14
MinimumVisualStudioVersion = 10.0.40219.1
Project("{FAE04EC0-301F-11D3-BF4B-00C04F79EFBC}") = "Game Buddy Finder", "Game Buddy Finder\Game Buddy Finder.csproj", "{19F1A8F5-96B7-4BE2-A82B-8C35D418AE3B}"
EndProject
Project("{FAE04EC0-301F-11D3-BF4B-00C04F79EFBC}") = "Tests", "..\Tests\Tests.csproj", "{868B584E-665A-4A6F-87EA-6D3CBA664A6C}"
EndProject
Global
	GlobalSection(SolutionConfigurationPlatforms) = preSolution
		Debug|Any CPU = Debug|Any CPU
		Release|Any CPU = Release|Any CPU
	EndGlobalSection
	GlobalSection(ProjectConfigurationPlatforms) = postSolution
		{19F1A8F5-96B7-4BE2-A82B-8C35D418AE3B}.Debug|Any CPU.ActiveCfg = Debug|Any CPU
		{19F1A8F5-96B7-4BE2-A82B-8C35D418AE3B}.Debug|Any CPU.Build.0 = Debug|Any CPU
		{19F1A8F5-96B7-4BE2-A82B-8C35D418AE3B}.Release|Any CPU.ActiveCfg = Release|Any CPU
		{19F1A8F5-96B7-4BE2-A82B-8C35D418AE3B}.Release|Any CPU.Build.0 = Release|Any CPU
		{868B584E-665A-4A6F-87EA-6D3CBA664A6C}.Debug|Any CPU.ActiveCfg = Debug|Any CPU
		{868B584E-665A-4A6F-87EA-6D3CBA664A6C}.Debug|Any CPU.Build.0 = Debug|Any CPU
		{868B584E-665A-4A6F-87EA-6D3CBA664A6C}.Release|Any CPU.ActiveCfg = Release|Any CPU
		{868B584E-665A-4A6F-87EA-6D3CBA664A6C}.Release|Any CPU.Build.0 = Release|Any CPU
	EndGlobalSection
	GlobalSection(SolutionProperties) = preSolution
		HideSolutionNode = FALSE
	EndGlobalSection
	GlobalSection(ExtensibilityGlobals) = postSolution
		SolutionGuid = {A2A3F322-D931-4430-B24E-152DB950B33A}
	EndGlobalSection
EndGlobal
